
Microsoft Visual Studio Solution File, Format Version 12.00
# Visual Studio Version 17
VisualStudioVersion = 17.8.34309.116
MinimumVisualStudioVersion = 10.0.40219.1
Project("{9A19103F-16F7-4668-BE54-9A1E7A4F7556}") = "Instagram", "Instagram\Instagram.csproj", "{4CC64792-C752-450C-8171-0389C41ED0D0}"
EndProject
Project("{FAE04EC0-301F-11D3-BF4B-00C04F79EFBC}") = "Sever", "..\An\CHAT\Multichat-clients-network-programing-master\Multichat-clients-network-programing-master\serverTCPchat\Sever.csproj", "{68E11598-B599-45E9-A162-F5C58DF4D73C}"
EndProject
Global
	GlobalSection(SolutionConfigurationPlatforms) = preSolution
		Debug|Any CPU = Debug|Any CPU
		Release|Any CPU = Release|Any CPU
	EndGlobalSection
	GlobalSection(ProjectConfigurationPlatforms) = postSolution
		{4CC64792-C752-450C-8171-0389C41ED0D0}.Debug|Any CPU.ActiveCfg = Debug|Any CPU
		{4CC64792-C752-450C-8171-0389C41ED0D0}.Debug|Any CPU.Build.0 = Debug|Any CPU
		{4CC64792-C752-450C-8171-0389C41ED0D0}.Release|Any CPU.ActiveCfg = Release|Any CPU
		{4CC64792-C752-450C-8171-0389C41ED0D0}.Release|Any CPU.Build.0 = Release|Any CPU
		{68E11598-B599-45E9-A162-F5C58DF4D73C}.Debug|Any CPU.ActiveCfg = Debug|Any CPU
		{68E11598-B599-45E9-A162-F5C58DF4D73C}.Debug|Any CPU.Build.0 = Debug|Any CPU
		{68E11598-B599-45E9-A162-F5C58DF4D73C}.Release|Any CPU.ActiveCfg = Release|Any CPU
		{68E11598-B599-45E9-A162-F5C58DF4D73C}.Release|Any CPU.Build.0 = Release|Any CPU
	EndGlobalSection
	GlobalSection(SolutionProperties) = preSolution
		HideSolutionNode = FALSE
	EndGlobalSection
	GlobalSection(ExtensibilityGlobals) = postSolution
		SolutionGuid = {5D809073-3F0C-42DA-A4DC-09A03129375C}
	EndGlobalSection
EndGlobal
